
Microsoft Visual Studio Solution File, Format Version 12.00
# Visual Studio Version 17
VisualStudioVersion = 17.1.32210.238
MinimumVisualStudioVersion = 10.0.40219.1
Project("{FAE04EC0-301F-11D3-BF4B-00C04F79EFBC}") = "02_01_DTLinhNDThangDPTTien_LTNET", "02_01_DTLinhNDThangDPTTien_LTNET\02_01_DTLinhNDThangDPTTien_LTNET.csproj", "{C8253EBD-0DE0-46D5-990B-0ECD1B1E2E29}"
EndProject
Global
	GlobalSection(SolutionConfigurationPlatforms) = preSolution
		Debug|Any CPU = Debug|Any CPU
		Release|Any CPU = Release|Any CPU
	EndGlobalSection
	GlobalSection(ProjectConfigurationPlatforms) = postSolution
		{C8253EBD-0DE0-46D5-990B-0ECD1B1E2E29}.Debug|Any CPU.ActiveCfg = Debug|Any CPU
		{C8253EBD-0DE0-46D5-990B-0ECD1B1E2E29}.Debug|Any CPU.Build.0 = Debug|Any CPU
		{C8253EBD-0DE0-46D5-990B-0ECD1B1E2E29}.Release|Any CPU.ActiveCfg = Release|Any CPU
		{C8253EBD-0DE0-46D5-990B-0ECD1B1E2E29}.Release|Any CPU.Build.0 = Release|Any CPU
	EndGlobalSection
	GlobalSection(SolutionProperties) = preSolution
		HideSolutionNode = FALSE
	EndGlobalSection
	GlobalSection(ExtensibilityGlobals) = postSolution
		SolutionGuid = {3FF9C26A-879D-4643-9CD5-837AFDE6223A}
	EndGlobalSection
EndGlobal
